// !$*UTF8*$!
{
	archiveVersion = 1;
	classes = {
	};
	objectVersion = 50;
	objects = {

/* Begin PBXBuildFile section */
		565A917924109E1B00A8E954 /* AppDelegate.swift in Sources */ = {isa = PBXBuildFile; fileRef = 565A917824109E1B00A8E954 /* AppDelegate.swift */; };
		565A917B24109E1B00A8E954 /* ViewController.swift in Sources */ = {isa = PBXBuildFile; fileRef = 565A917A24109E1B00A8E954 /* ViewController.swift */; };
		565A917E24109E1B00A8E954 /* Main.storyboard in Resources */ = {isa = PBXBuildFile; fileRef = 565A917C24109E1B00A8E954 /* Main.storyboard */; };
		565A918124109E1B00A8E954 /* Photorama.xcdatamodeld in Sources */ = {isa = PBXBuildFile; fileRef = 565A917F24109E1B00A8E954 /* Photorama.xcdatamodeld */; };
		565A918324109E1C00A8E954 /* Assets.xcassets in Resources */ = {isa = PBXBuildFile; fileRef = 565A918224109E1C00A8E954 /* Assets.xcassets */; };
		565A918624109E1C00A8E954 /* LaunchScreen.storyboard in Resources */ = {isa = PBXBuildFile; fileRef = 565A918424109E1C00A8E954 /* LaunchScreen.storyboard */; };
		565A919124109E1C00A8E954 /* PhotoramaTests.swift in Sources */ = {isa = PBXBuildFile; fileRef = 565A919024109E1C00A8E954 /* PhotoramaTests.swift */; };
		565A919C24109E1C00A8E954 /* PhotoramaUITests.swift in Sources */ = {isa = PBXBuildFile; fileRef = 565A919B24109E1C00A8E954 /* PhotoramaUITests.swift */; };
/* End PBXBuildFile section */

/* Begin PBXContainerItemProxy section */
		565A918D24109E1C00A8E954 /* PBXContainerItemProxy */ = {
			isa = PBXContainerItemProxy;
			containerPortal = 565A916D24109E1B00A8E954 /* Project object */;
			proxyType = 1;
			remoteGlobalIDString = 565A917424109E1B00A8E954;
			remoteInfo = Photorama;
		};
		565A919824109E1C00A8E954 /* PBXContainerItemProxy */ = {
			isa = PBXContainerItemProxy;
			containerPortal = 565A916D24109E1B00A8E954 /* Project object */;
			proxyType = 1;
			remoteGlobalIDString = 565A917424109E1B00A8E954;
			remoteInfo = Photorama;
		};
/* End PBXContainerItemProxy section */

/* Begin PBXFileReference section */
		565A917524109E1B00A8E954 /* Photorama.app */ = {isa = PBXFileReference; explicitFileType = wrapper.application; includeInIndex = 0; path = Photorama.app; sourceTree = BUILT_PRODUCTS_DIR; };
		565A917824109E1B00A8E954 /* AppDelegate.swift */ = {isa = PBXFileReference; lastKnownFileType = sourcecode.swift; path = AppDelegate.swift; sourceTree = "<group>"; };
		565A917A24109E1B00A8E954 /* ViewController.swift */ = {isa = PBXFileReference; lastKnownFileType = sourcecode.swift; path = ViewController.swift; sourceTree = "<group>"; };
		565A917D24109E1B00A8E954 /* Base */ = {isa = PBXFileReference; lastKnownFileType = file.storyboard; name = Base; path = Base.lproj/Main.storyboard; sourceTree = "<group>"; };
		565A918024109E1B00A8E954 /* Photorama.xcdatamodel */ = {isa = PBXFileReference; lastKnownFileType = wrapper.xcdatamodel; path = Photorama.xcdatamodel; sourceTree = "<group>"; };
		565A918224109E1C00A8E954 /* Assets.xcassets */ = {isa = PBXFileReference; lastKnownFileType = folder.assetcatalog; path = Assets.xcassets; sourceTree = "<group>"; };
		565A918524109E1C00A8E954 /* Base */ = {isa = PBXFileReference; lastKnownFileType = file.storyboard; name = Base; path = Base.lproj/LaunchScreen.storyboard; sourceTree = "<group>"; };
		565A918724109E1C00A8E954 /* Info.plist */ = {isa = PBXFileReference; lastKnownFileType = text.plist.xml; path = Info.plist; sourceTree = "<group>"; };
		565A918C24109E1C00A8E954 /* PhotoramaTests.xctest */ = {isa = PBXFileReference; explicitFileType = wrapper.cfbundle; includeInIndex = 0; path = PhotoramaTests.xctest; sourceTree = BUILT_PRODUCTS_DIR; };
		565A919024109E1C00A8E954 /* PhotoramaTests.swift */ = {isa = PBXFileReference; lastKnownFileType = sourcecode.swift; path = PhotoramaTests.swift; sourceTree = "<group>"; };
		565A919224109E1C00A8E954 /* Info.plist */ = {isa = PBXFileReference; lastKnownFileType = text.plist.xml; path = Info.plist; sourceTree = "<group>"; };
		565A919724109E1C00A8E954 /* PhotoramaUITests.xctest */ = {isa = PBXFileReference; explicitFileType = wrapper.cfbundle; includeInIndex = 0; path = PhotoramaUITests.xctest; sourceTree = BUILT_PRODUCTS_DIR; };
		565A919B24109E1C00A8E954 /* PhotoramaUITests.swift */ = {isa = PBXFileReference; lastKnownFileType = sourcecode.swift; path = PhotoramaUITests.swift; sourceTree = "<group>"; };
		565A919D24109E1C00A8E954 /* Info.plist */ = {isa = PBXFileReference; lastKnownFileType = text.plist.xml; path = Info.plist; sourceTree = "<group>"; };
/* End PBXFileReference section */

/* Begin PBXFrameworksBuildPhase section */
		565A917224109E1B00A8E954 /* Frameworks */ = {
			isa = PBXFrameworksBuildPhase;
			buildActionMask = 2147483647;
			files = (
			);
			runOnlyForDeploymentPostprocessing = 0;
		};
		565A918924109E1C00A8E954 /* Frameworks */ = {
			isa = PBXFrameworksBuildPhase;
			buildActionMask = 2147483647;
			files = (
			);
			runOnlyForDeploymentPostprocessing = 0;
		};
		565A919424109E1C00A8E954 /* Frameworks */ = {
			isa = PBXFrameworksBuildPhase;
			buildActionMask = 2147483647;
			files = (
			);
			runOnlyForDeploymentPostprocessing = 0;
		};
/* End PBXFrameworksBuildPhase section */

/* Begin PBXGroup section */
		565A916C24109E1B00A8E954 = {
			isa = PBXGroup;
			children = (
				565A917724109E1B00A8E954 /* Photorama */,
				565A918F24109E1C00A8E954 /* PhotoramaTests */,
				565A919A24109E1C00A8E954 /* PhotoramaUITests */,
				565A917624109E1B00A8E954 /* Products */,
			);
			sourceTree = "<group>";
		};
		565A917624109E1B00A8E954 /* Products */ = {
			isa = PBXGroup;
			children = (
				565A917524109E1B00A8E954 /* Photorama.app */,
				565A918C24109E1C00A8E954 /* PhotoramaTests.xctest */,
				565A919724109E1C00A8E954 /* PhotoramaUITests.xctest */,
			);
			name = Products;
			sourceTree = "<group>";
		};
		565A917724109E1B00A8E954 /* Photorama */ = {
			isa = PBXGroup;
			children = (
				565A917824109E1B00A8E954 /* AppDelegate.swift */,
				565A917A24109E1B00A8E954 /* ViewController.swift */,
				565A917C24109E1B00A8E954 /* Main.storyboard */,
				565A918224109E1C00A8E954 /* Assets.xcassets */,
				565A918424109E1C00A8E954 /* LaunchScreen.storyboard */,
				565A918724109E1C00A8E954 /* Info.plist */,
				565A917F24109E1B00A8E954 /* Photorama.xcdatamodeld */,
			);
			path = Photorama;
			sourceTree = "<group>";
		};
		565A918F24109E1C00A8E954 /* PhotoramaTests */ = {
			isa = PBXGroup;
			children = (
				565A919024109E1C00A8E954 /* PhotoramaTests.swift */,
				565A919224109E1C00A8E954 /* Info.plist */,
			);
			path = PhotoramaTests;
			sourceTree = "<group>";
		};
		565A919A24109E1C00A8E954 /* PhotoramaUITests */ = {
			isa = PBXGroup;
			children = (
				565A919B24109E1C00A8E954 /* PhotoramaUITests.swift */,
				565A919D24109E1C00A8E954 /* Info.plist */,
			);
			path = PhotoramaUITests;
			sourceTree = "<group>";
		};
/* End PBXGroup section */

/* Begin PBXNativeTarget section */
		565A917424109E1B00A8E954 /* Photorama */ = {
			isa = PBXNativeTarget;
			buildConfigurationList = 565A91A024109E1C00A8E954 /* Build configuration list for PBXNativeTarget "Photorama" */;
			buildPhases = (
				565A917124109E1B00A8E954 /* Sources */,
				565A917224109E1B00A8E954 /* Frameworks */,
				565A917324109E1B00A8E954 /* Resources */,
			);
			buildRules = (
			);
			dependencies = (
			);
			name = Photorama;
			productName = Photorama;
			productReference = 565A917524109E1B00A8E954 /* Photorama.app */;
			productType = "com.apple.product-type.application";
		};
		565A918B24109E1C00A8E954 /* PhotoramaTests */ = {
			isa = PBXNativeTarget;
			buildConfigurationList = 565A91A324109E1C00A8E954 /* Build configuration list for PBXNativeTarget "PhotoramaTests" */;
			buildPhases = (
				565A918824109E1C00A8E954 /* Sources */,
				565A918924109E1C00A8E954 /* Frameworks */,
				565A918A24109E1C00A8E954 /* Resources */,
			);
			buildRules = (
			);
			dependencies = (
				565A918E24109E1C00A8E954 /* PBXTargetDependency */,
			);
			name = PhotoramaTests;
			productName = PhotoramaTests;
			productReference = 565A918C24109E1C00A8E954 /* PhotoramaTests.xctest */;
			productType = "com.apple.product-type.bundle.unit-test";
		};
		565A919624109E1C00A8E954 /* PhotoramaUITests */ = {
			isa = PBXNativeTarget;
			buildConfigurationList = 565A91A624109E1C00A8E954 /* Build configuration list for PBXNativeTarget "PhotoramaUITests" */;
			buildPhases = (
				565A919324109E1C00A8E954 /* Sources */,
				565A919424109E1C00A8E954 /* Frameworks */,
				565A919524109E1C00A8E954 /* Resources */,
			);
			buildRules = (
			);
			dependencies = (
				565A919924109E1C00A8E954 /* PBXTargetDependency */,
			);
			name = PhotoramaUITests;
			productName = PhotoramaUITests;
			productReference = 565A919724109E1C00A8E954 /* PhotoramaUITests.xctest */;
			productType = "com.apple.product-type.bundle.ui-testing";
		};
/* End PBXNativeTarget section */

/* Begin PBXProject section */
		565A916D24109E1B00A8E954 /* Project object */ = {
			isa = PBXProject;
			attributes = {
				LastSwiftUpdateCheck = 1010;
				LastUpgradeCheck = 1010;
				ORGANIZATIONNAME = VuTQ10;
				TargetAttributes = {
					565A917424109E1B00A8E954 = {
						CreatedOnToolsVersion = 10.1;
					};
					565A918B24109E1C00A8E954 = {
						CreatedOnToolsVersion = 10.1;
						TestTargetID = 565A917424109E1B00A8E954;
					};
					565A919624109E1C00A8E954 = {
						CreatedOnToolsVersion = 10.1;
						TestTargetID = 565A917424109E1B00A8E954;
					};
				};
			};
			buildConfigurationList = 565A917024109E1B00A8E954 /* Build configuration list for PBXProject "Photorama" */;
			compatibilityVersion = "Xcode 9.3";
			developmentRegion = en;
			hasScannedForEncodings = 0;
			knownRegions = (
				en,
				Base,
			);
			mainGroup = 565A916C24109E1B00A8E954;
			productRefGroup = 565A917624109E1B00A8E954 /* Products */;
			projectDirPath = "";
			projectRoot = "";
			targets = (
				565A917424109E1B00A8E954 /* Photorama */,
				565A918B24109E1C00A8E954 /* PhotoramaTests */,
				565A919624109E1C00A8E954 /* PhotoramaUITests */,
			);
		};
/* End PBXProject section */

/* Begin PBXResourcesBuildPhase section */
		565A917324109E1B00A8E954 /* Resources */ = {
			isa = PBXResourcesBuildPhase;
			buildActionMask = 2147483647;
			files = (
				565A918624109E1C00A8E954 /* LaunchScreen.storyboard in Resources */,
				565A918324109E1C00A8E954 /* Assets.xcassets in Resources */,
				565A917E24109E1B00A8E954 /* Main.storyboard in Resources */,
			);
			runOnlyForDeploymentPostprocessing = 0;
		};
		565A918A24109E1C00A8E954 /* Resources */ = {
			isa = PBXResourcesBuildPhase;
			buildActionMask = 2147483647;
			files = (
			);
			runOnlyForDeploymentPostprocessing = 0;
		};
		565A919524109E1C00A8E954 /* Resources */ = {
			isa = PBXResourcesBuildPhase;
			buildActionMask = 2147483647;
			files = (
			);
			runOnlyForDeploymentPostprocessing = 0;
		};
/* End PBXResourcesBuildPhase section */

/* Begin PBXSourcesBuildPhase section */
		565A917124109E1B00A8E954 /* Sources */ = {
			isa = PBXSourcesBuildPhase;
			buildActionMask = 2147483647;
			files = (
				565A917B24109E1B00A8E954 /* ViewController.swift in Sources */,
				565A917924109E1B00A8E954 /* AppDelegate.swift in Sources */,
				565A918124109E1B00A8E954 /* Photorama.xcdatamodeld in Sources */,
			);
			runOnlyForDeploymentPostprocessing = 0;
		};
		565A918824109E1C00A8E954 /* Sources */ = {
			isa = PBXSourcesBuildPhase;
			buildActionMask = 2147483647;
			files = (
				565A919124109E1C00A8E954 /* PhotoramaTests.swift in Sources */,
			);
			runOnlyForDeploymentPostprocessing = 0;
		};
		565A919324109E1C00A8E954 /* Sources */ = {
			isa = PBXSourcesBuildPhase;
			buildActionMask = 2147483647;
			files = (
				565A919C24109E1C00A8E954 /* PhotoramaUITests.swift in Sources */,
			);
			runOnlyForDeploymentPostprocessing = 0;
		};
/* End PBXSourcesBuildPhase section */

/* Begin PBXTargetDependency section */
		565A918E24109E1C00A8E954 /* PBXTargetDependency */ = {
			isa = PBXTargetDependency;
			target = 565A917424109E1B00A8E954 /* Photorama */;
			targetProxy = 565A918D24109E1C00A8E954 /* PBXContainerItemProxy */;
		};
		565A919924109E1C00A8E954 /* PBXTargetDependency */ = {
			isa = PBXTargetDependency;
			target = 565A917424109E1B00A8E954 /* Photorama */;
			targetProxy = 565A919824109E1C00A8E954 /* PBXContainerItemProxy */;
		};
/* End PBXTargetDependency section */

/* Begin PBXVariantGroup section */
		565A917C24109E1B00A8E954 /* Main.storyboard */ = {
			isa = PBXVariantGroup;
			children = (
				565A917D24109E1B00A8E954 /* Base */,
			);
			name = Main.storyboard;
			sourceTree = "<group>";
		};
		565A918424109E1C00A8E954 /* LaunchScreen.storyboard */ = {
			isa = PBXVariantGroup;
			children = (
				565A918524109E1C00A8E954 /* Base */,
			);
			name = LaunchScreen.storyboard;
			sourceTree = "<group>";
		};
/* End PBXVariantGroup section */

/* Begin XCBuildConfiguration section */
		565A919E24109E1C00A8E954 /* Debug */ = {
			isa = XCBuildConfiguration;
			buildSettings = {
				ALWAYS_SEARCH_USER_PATHS = NO;
				CLANG_ANALYZER_NONNULL = YES;
				CLANG_ANALYZER_NUMBER_OBJECT_CONVERSION = YES_AGGRESSIVE;
				CLANG_CXX_LANGUAGE_STANDARD = "gnu++14";
				CLANG_CXX_LIBRARY = "libc++";
				CLANG_ENABLE_MODULES = YES;
				CLANG_ENABLE_OBJC_ARC = YES;
				CLANG_ENABLE_OBJC_WEAK = YES;
				CLANG_WARN_BLOCK_CAPTURE_AUTORELEASING = YES;
				CLANG_WARN_BOOL_CONVERSION = YES;
				CLANG_WARN_COMMA = YES;
				CLANG_WARN_CONSTANT_CONVERSION = YES;
				CLANG_WARN_DEPRECATED_OBJC_IMPLEMENTATIONS = YES;
				CLANG_WARN_DIRECT_OBJC_ISA_USAGE = YES_ERROR;
				CLANG_WARN_DOCUMENTATION_COMMENTS = YES;
				CLANG_WARN_EMPTY_BODY = YES;
				CLANG_WARN_ENUM_CONVERSION = YES;
				CLANG_WARN_INFINITE_RECURSION = YES;
				CLANG_WARN_INT_CONVERSION = YES;
				CLANG_WARN_NON_LITERAL_NULL_CONVERSION = YES;
				CLANG_WARN_OBJC_IMPLICIT_RETAIN_SELF = YES;
				CLANG_WARN_OBJC_LITERAL_CONVERSION = YES;
				CLANG_WARN_OBJC_ROOT_CLASS = YES_ERROR;
				CLANG_WARN_RANGE_LOOP_ANALYSIS = YES;
				CLANG_WARN_STRICT_PROTOTYPES = YES;
				CLANG_WARN_SUSPICIOUS_MOVE = YES;
				CLANG_WARN_UNGUARDED_AVAILABILITY = YES_AGGRESSIVE;
				CLANG_WARN_UNREACHABLE_CODE = YES;
				CLANG_WARN__DUPLICATE_METHOD_MATCH = YES;
				CODE_SIGN_IDENTITY = "iPhone Developer";
				COPY_PHASE_STRIP = NO;
				DEBUG_INFORMATION_FORMAT = dwarf;
				ENABLE_STRICT_OBJC_MSGSEND = YES;
				ENABLE_TESTABILITY = YES;
				GCC_C_LANGUAGE_STANDARD = gnu11;
				GCC_DYNAMIC_NO_PIC = NO;
				GCC_NO_COMMON_BLOCKS = YES;
				GCC_OPTIMIZATION_LEVEL = 0;
				GCC_PREPROCESSOR_DEFINITIONS = (
					"DEBUG=1",
					"$(inherited)",
				);
				GCC_WARN_64_TO_32_BIT_CONVERSION = YES;
				GCC_WARN_ABOUT_RETURN_TYPE = YES_ERROR;
				GCC_WARN_UNDECLARED_SELECTOR = YES;
				GCC_WARN_UNINITIALIZED_AUTOS = YES_AGGRESSIVE;
				GCC_WARN_UNUSED_FUNCTION = YES;
				GCC_WARN_UNUSED_VARIABLE = YES;
				IPHONEOS_DEPLOYMENT_TARGET = 12.1;
				MTL_ENABLE_DEBUG_INFO = INCLUDE_SOURCE;
				MTL_FAST_MATH = YES;
				ONLY_ACTIVE_ARCH = YES;
				SDKROOT = iphoneos;
				SWIFT_ACTIVE_COMPILATION_CONDITIONS = DEBUG;
				SWIFT_OPTIMIZATION_LEVEL = "-Onone";
			};
			name = Debug;
		};
		565A919F24109E1C00A8E954 /* Release */ = {
			isa = XCBuildConfiguration;
			buildSettings = {
				ALWAYS_SEARCH_USER_PATHS = NO;
				CLANG_ANALYZER_NONNULL = YES;
				CLANG_ANALYZER_NUMBER_OBJECT_CONVERSION = YES_AGGRESSIVE;
				CLANG_CXX_LANGUAGE_STANDARD = "gnu++14";
				CLANG_CXX_LIBRARY = "libc++";
				CLANG_ENABLE_MODULES = YES;
				CLANG_ENABLE_OBJC_ARC = YES;
				CLANG_ENABLE_OBJC_WEAK = YES;
				CLANG_WARN_BLOCK_CAPTURE_AUTORELEASING = YES;
				CLANG_WARN_BOOL_CONVERSION = YES;
				CLANG_WARN_COMMA = YES;
				CLANG_WARN_CONSTANT_CONVERSION = YES;
				CLANG_WARN_DEPRECATED_OBJC_IMPLEMENTATIONS = YES;
				CLANG_WARN_DIRECT_OBJC_ISA_USAGE = YES_ERROR;
				CLANG_WARN_DOCUMENTATION_COMMENTS = YES;
				CLANG_WARN_EMPTY_BODY = YES;
				CLANG_WARN_ENUM_CONVERSION = YES;
				CLANG_WARN_INFINITE_RECURSION = YES;
				CLANG_WARN_INT_CONVERSION = YES;
				CLANG_WARN_NON_LITERAL_NULL_CONVERSION = YES;
				CLANG_WARN_OBJC_IMPLICIT_RETAIN_SELF = YES;
				CLANG_WARN_OBJC_LITERAL_CONVERSION = YES;
				CLANG_WARN_OBJC_ROOT_CLASS = YES_ERROR;
				CLANG_WARN_RANGE_LOOP_ANALYSIS = YES;
				CLANG_WARN_STRICT_PROTOTYPES = YES;
				CLANG_WARN_SUSPICIOUS_MOVE = YES;
				CLANG_WARN_UNGUARDED_AVAILABILITY = YES_AGGRESSIVE;
				CLANG_WARN_UNREACHABLE_CODE = YES;
				CLANG_WARN__DUPLICATE_METHOD_MATCH = YES;
				CODE_SIGN_IDENTITY = "iPhone Developer";
				COPY_PHASE_STRIP = NO;
				DEBUG_INFORMATION_FORMAT = "dwarf-with-dsym";
				ENABLE_NS_ASSERTIONS = NO;
				ENABLE_STRICT_OBJC_MSGSEND = YES;
				GCC_C_LANGUAGE_STANDARD = gnu11;
				GCC_NO_COMMON_BLOCKS = YES;
				GCC_WARN_64_TO_32_BIT_CONVERSION = YES;
				GCC_WARN_ABOUT_RETURN_TYPE = YES_ERROR;
				GCC_WARN_UNDECLARED_SELECTOR = YES;
				GCC_WARN_UNINITIALIZED_AUTOS = YES_AGGRESSIVE;
				GCC_WARN_UNUSED_FUNCTION = YES;
				GCC_WARN_UNUSED_VARIABLE = YES;
				IPHONEOS_DEPLOYMENT_TARGET = 12.1;
				MTL_ENABLE_DEBUG_INFO = NO;
				MTL_FAST_MATH = YES;
				SDKROOT = iphoneos;
				SWIFT_COMPILATION_MODE = wholemodule;
				SWIFT_OPTIMIZATION_LEVEL = "-O";
				VALIDATE_PRODUCT = YES;
			};
			name = Release;
		};
		565A91A124109E1C00A8E954 /* Debug */ = {
			isa = XCBuildConfiguration;
			buildSettings = {
				ASSETCATALOG_COMPILER_APPICON_NAME = AppIcon;
				CODE_SIGN_STYLE = Automatic;
				INFOPLIST_FILE = Photorama/Info.plist;
				LD_RUNPATH_SEARCH_PATHS = (
					"$(inherited)",
					"@executable_path/Frameworks",
				);
				PRODUCT_BUNDLE_IDENTIFIER = "-.Photorama";
				PRODUCT_NAME = "$(TARGET_NAME)";
				SWIFT_VERSION = 4.2;
				TARGETED_DEVICE_FAMILY = "1,2";
			};
			name = Debug;
		};
		565A91A224109E1C00A8E954 /* Release */ = {
			isa = XCBuildConfiguration;
			buildSettings = {
				ASSETCATALOG_COMPILER_APPICON_NAME = AppIcon;
				CODE_SIGN_STYLE = Automatic;
				INFOPLIST_FILE = Photorama/Info.plist;
				LD_RUNPATH_SEARCH_PATHS = (
					"$(inherited)",
					"@executable_path/Frameworks",
				);
				PRODUCT_BUNDLE_IDENTIFIER = "-.Photorama";
				PRODUCT_NAME = "$(TARGET_NAME)";
				SWIFT_VERSION = 4.2;
				TARGETED_DEVICE_FAMILY = "1,2";
			};
			name = Release;
		};
		565A91A424109E1C00A8E954 /* Debug */ = {
			isa = XCBuildConfiguration;
			buildSettings = {
				ALWAYS_EMBED_SWIFT_STANDARD_LIBRARIES = YES;
				BUNDLE_LOADER = "$(TEST_HOST)";
				CODE_SIGN_STYLE = Automatic;
				INFOPLIST_FILE = PhotoramaTests/Info.plist;
				LD_RUNPATH_SEARCH_PATHS = (
					"$(inherited)",
					"@executable_path/Frameworks",
					"@loader_path/Frameworks",
				);
				PRODUCT_BUNDLE_IDENTIFIER = "-.PhotoramaTests";
				PRODUCT_NAME = "$(TARGET_NAME)";
				SWIFT_VERSION = 4.2;
				TARGETED_DEVICE_FAMILY = "1,2";
				TEST_HOST = "$(BUILT_PRODUCTS_DIR)/Photorama.app/Photorama";
			};
			name = Debug;
		};
		565A91A524109E1C00A8E954 /* Release */ = {
			isa = XCBuildConfiguration;
			buildSettings = {
				ALWAYS_EMBED_SWIFT_STANDARD_LIBRARIES = YES;
				BUNDLE_LOADER = "$(TEST_HOST)";
				CODE_SIGN_STYLE = Automatic;
				INFOPLIST_FILE = PhotoramaTests/Info.plist;
				LD_RUNPATH_SEARCH_PATHS = (
					"$(inherited)",
					"@executable_path/Frameworks",
					"@loader_path/Frameworks",
				);
				PRODUCT_BUNDLE_IDENTIFIER = "-.PhotoramaTests";
				PRODUCT_NAME = "$(TARGET_NAME)";
				SWIFT_VERSION = 4.2;
				TARGETED_DEVICE_FAMILY = "1,2";
				TEST_HOST = "$(BUILT_PRODUCTS_DIR)/Photorama.app/Photorama";
			};
			name = Release;
		};
		565A91A724109E1C00A8E954 /* Debug */ = {
			isa = XCBuildConfiguration;
			buildSettings = {
				ALWAYS_EMBED_SWIFT_STANDARD_LIBRARIES = YES;
				CODE_SIGN_STYLE = Automatic;
				INFOPLIST_FILE = PhotoramaUITests/Info.plist;
				LD_RUNPATH_SEARCH_PATHS = (
					"$(inherited)",
					"@executable_path/Frameworks",
					"@loader_path/Frameworks",
				);
				PRODUCT_BUNDLE_IDENTIFIER = "-.PhotoramaUITests";
				PRODUCT_NAME = "$(TARGET_NAME)";
				SWIFT_VERSION = 4.2;
				TARGETED_DEVICE_FAMILY = "1,2";
				TEST_TARGET_NAME = Photorama;
			};
			name = Debug;
		};
		565A91A824109E1C00A8E954 /* Release */ = {
			isa = XCBuildConfiguration;
			buildSettings = {
				ALWAYS_EMBED_SWIFT_STANDARD_LIBRARIES = YES;
				CODE_SIGN_STYLE = Automatic;
				INFOPLIST_FILE = PhotoramaUITests/Info.plist;
				LD_RUNPATH_SEARCH_PATHS = (
					"$(inherited)",
					"@executable_path/Frameworks",
					"@loader_path/Frameworks",
				);
				PRODUCT_BUNDLE_IDENTIFIER = "-.PhotoramaUITests";
				PRODUCT_NAME = "$(TARGET_NAME)";
				SWIFT_VERSION = 4.2;
				TARGETED_DEVICE_FAMILY = "1,2";
				TEST_TARGET_NAME = Photorama;
			};
			name = Release;
		};
/* End XCBuildConfiguration section */

/* Begin XCConfigurationList section */
		565A917024109E1B00A8E954 /* Build configuration list for PBXProject "Photorama" */ = {
			isa = XCConfigurationList;
			buildConfigurations = (
				565A919E24109E1C00A8E954 /* Debug */,
				565A919F24109E1C00A8E954 /* Release */,
			);
			defaultConfigurationIsVisible = 0;
			defaultConfigurationName = Release;
		};
		565A91A024109E1C00A8E954 /* Build configuration list for PBXNativeTarget "Photorama" */ = {
			isa = XCConfigurationList;
			buildConfigurations = (
				565A91A124109E1C00A8E954 /* Debug */,
				565A91A224109E1C00A8E954 /* Release */,
			);
			defaultConfigurationIsVisible = 0;
			defaultConfigurationName = Release;
		};
		565A91A324109E1C00A8E954 /* Build configuration list for PBXNativeTarget "PhotoramaTests" */ = {
			isa = XCConfigurationList;
			buildConfigurations = (
				565A91A424109E1C00A8E954 /* Debug */,
				565A91A524109E1C00A8E954 /* Release */,
			);
			defaultConfigurationIsVisible = 0;
			defaultConfigurationName = Release;
		};
		565A91A624109E1C00A8E954 /* Build configuration list for PBXNativeTarget "PhotoramaUITests" */ = {
			isa = XCConfigurationList;
			buildConfigurations = (
				565A91A724109E1C00A8E954 /* Debug */,
				565A91A824109E1C00A8E954 /* Release */,
			);
			defaultConfigurationIsVisible = 0;
			defaultConfigurationName = Release;
		};
/* End XCConfigurationList section */

/* Begin XCVersionGroup section */
		565A917F24109E1B00A8E954 /* Photorama.xcdatamodeld */ = {
			isa = XCVersionGroup;
			children = (
				565A918024109E1B00A8E954 /* Photorama.xcdatamodel */,
			);
			currentVersion = 565A918024109E1B00A8E954 /* Photorama.xcdatamodel */;
			path = Photorama.xcdatamodeld;
			sourceTree = "<group>";
			versionGroupType = wrapper.xcdatamodel;
		};
/* End XCVersionGroup section */
	};
	rootObject = 565A916D24109E1B00A8E954 /* Project object */;
}
